{
  "nodes": {
    "darwin": {
      "inputs": {
        "nixpkgs": [
          "nixpkgs"
        ]
      },
      "locked": {
        "lastModified": 1732603785,
        "narHash": "sha256-AEjWTJwOmSnVYsSJCojKgoguGfFfwel6z/6ud6UFMU8=",
        "owner": "lnl7",
        "repo": "nix-darwin",
        "rev": "6ab87b7c84d4ee873e937108c4ff80c015a40c7a",
        "type": "github"
      },
      "original": {
        "owner": "lnl7",
        "ref": "master",
        "repo": "nix-darwin",
        "type": "github"
      }
    },
    "flake-parts": {
      "inputs": {
        "nixpkgs-lib": [
          "nixpkgs"
        ]
      },
      "locked": {
        "lastModified": 1730504689,
        "narHash": "sha256-hgmguH29K2fvs9szpq2r3pz2/8cJd2LPS+b4tfNFCwE=",
        "owner": "hercules-ci",
        "repo": "flake-parts",
        "rev": "506278e768c2a08bec68eb62932193e341f55c90",
        "type": "github"
      },
      "original": {
        "owner": "hercules-ci",
        "repo": "flake-parts",
        "type": "github"
      }
    },
    "hardware": {
      "locked": {
        "lastModified": 1732483221,
        "narHash": "sha256-kF6rDeCshoCgmQz+7uiuPdREVFuzhIorGOoPXMalL2U=",
        "owner": "nixos",
        "repo": "nixos-hardware",
        "rev": "45348ad6fb8ac0e8415f6e5e96efe47dd7f39405",
        "type": "github"
      },
      "original": {
        "owner": "nixos",
        "repo": "nixos-hardware",
        "type": "github"
      }
    },
    "home-manager": {
      "inputs": {
        "nixpkgs": [
          "nixpkgs"
        ]
      },
      "locked": {
        "lastModified": 1732482255,
        "narHash": "sha256-GUffLwzawz5WRVfWaWCg78n/HrBJrOG7QadFY6rtV8A=",
        "owner": "nix-community",
        "repo": "home-manager",
        "rev": "a9953635d7f34e7358d5189751110f87e3ac17da",
        "type": "github"
      },
      "original": {
        "owner": "nix-community",
        "repo": "home-manager",
        "type": "github"
      }
    },
    "nixpkgs": {
      "locked": {
        "lastModified": 1732521221,
        "narHash": "sha256-2ThgXBUXAE1oFsVATK1ZX9IjPcS4nKFOAjhPNKuiMn0=",
        "owner": "nixos",
        "repo": "nixpkgs",
        "rev": "4633a7c72337ea8fd23a4f2ba3972865e3ec685d",
        "type": "github"
      },
      "original": {
        "owner": "nixos",
        "ref": "nixos-unstable",
        "repo": "nixpkgs",
        "type": "github"
      }
    },
    "nixpkgs-master": {
      "locked": {
        "lastModified": 1732719525,
        "narHash": "sha256-2s/dGxy39y+tTcDtjh8oTp49DRntTv/MDGh4G2gcSN4=",
        "owner": "nixos",
        "repo": "nixpkgs",
        "rev": "64edd99db0e71161886690ebcf23055725db3c38",
        "type": "github"
      },
      "original": {
        "owner": "nixos",
        "ref": "master",
        "repo": "nixpkgs",
        "type": "github"
      }
    },
    "nixpkgs-stable": {
      "locked": {
        "lastModified": 1732632634,
        "narHash": "sha256-+G7n/ZD635aN0sEXQLynU7pWMd3PKDM7yBIXvYmjABQ=",
        "owner": "nixos",
        "repo": "nixpkgs",
        "rev": "6f6076c37180ea3a916f84928cf3a714c5207a30",
        "type": "github"
      },
      "original": {
        "owner": "nixos",
        "ref": "nixos-24.05",
        "repo": "nixpkgs",
        "type": "github"
      }
    },
    "nixpkgs_2": {
      "locked": {
        "lastModified": 1731890469,
        "narHash": "sha256-D1FNZ70NmQEwNxpSSdTXCSklBH1z2isPR84J6DQrJGs=",
        "owner": "nixos",
        "repo": "nixpkgs",
        "rev": "5083ec887760adfe12af64830a66807423a859a7",
        "type": "github"
      },
      "original": {
        "owner": "nixos",
        "ref": "nixpkgs-unstable",
        "repo": "nixpkgs",
        "type": "github"
      }
    },
    "root": {
      "inputs": {
        "darwin": "darwin",
        "flake-parts": "flake-parts",
        "hardware": "hardware",
        "home-manager": "home-manager",
        "nixpkgs": "nixpkgs",
        "nixpkgs-master": "nixpkgs-master",
        "nixpkgs-stable": "nixpkgs-stable",
        "treefmt-nix": "treefmt-nix"
      }
    },
    "treefmt-nix": {
      "inputs": {
        "nixpkgs": "nixpkgs_2"
      },
      "locked": {
        "lastModified": 1732643199,
        "narHash": "sha256-uI7TXEb231o8dkwB5AUCecx3AQtosRmL6hKgnckvjps=",
        "owner": "numtide",
        "repo": "treefmt-nix",
        "rev": "84637a7ab04179bdc42aa8fd0af1909fba76ad0c",
        "type": "github"
      },
      "original": {
        "owner": "numtide",
        "repo": "treefmt-nix",
        "type": "github"
      }
    }
  },
  "root": "root",
  "version": 7
}
