name: update-flake-lock
on:
  workflow_dispatch: # allows manual triggering
  schedule:
    - cron: '0 0 * * 0' # runs weekly on Sunday at 00:00

jobs:
  lockfile:
    runs-on: ubuntu-latest
    steps:
      - uses: actions/checkout@v4
      - uses: nixbuild/nix-quick-install-action@v34
      - uses: DeterminateSystems/update-flake-lock@v21
        with:
          token: ${{ secrets.GH_TOKEN_FLAKE_UPDATES }}
          pr-title: "chore(flake.lock): scheduled update"
          pr-labels: |
            dependencies
            automated
          git-author-name: 'feltnermbot'
          git-author-email: 'github-actions[bot]@users.noreply.github.com'
          git-committer-name: 'feltnerm-action-bot'
          git-committer-email: 'github-actions[bot]@users.noreply.github.com'
      - uses: nix-community/cache-nix-action@v6
        with:
          primary-key: nix-${{ runner.os }}-${{ hashFiles('**/*.nix', '**/flake.lock') }}
          restore-prefixes-first-match: |
            nix-${{ runner.os }}-
